
Microsoft Visual Studio Solution File, Format Version 12.00
# Visual Studio Version 16
VisualStudioVersion = 16.0.29123.88
MinimumVisualStudioVersion = 10.0.40219.1
Project("{FAE04EC0-301F-11D3-BF4B-00C04F79EFBC}") = "Glider WPF 1.0", "Glider WPF 1.0.csproj", "{93D2E7D2-F56C-483F-AE68-0FB1BFA10F87}"
EndProject
Global
	GlobalSection(SolutionConfigurationPlatforms) = preSolution
		Debug|Any CPU = Debug|Any CPU
		Release|Any CPU = Release|Any CPU
	EndGlobalSection
	GlobalSection(ProjectConfigurationPlatforms) = postSolution
		{93D2E7D2-F56C-483F-AE68-0FB1BFA10F87}.Debug|Any CPU.ActiveCfg = Debug|Any CPU
		{93D2E7D2-F56C-483F-AE68-0FB1BFA10F87}.Debug|Any CPU.Build.0 = Debug|Any CPU
		{93D2E7D2-F56C-483F-AE68-0FB1BFA10F87}.Release|Any CPU.ActiveCfg = Release|Any CPU
		{93D2E7D2-F56C-483F-AE68-0FB1BFA10F87}.Release|Any CPU.Build.0 = Release|Any CPU
	EndGlobalSection
	GlobalSection(SolutionProperties) = preSolution
		HideSolutionNode = FALSE
	EndGlobalSection
	GlobalSection(ExtensibilityGlobals) = postSolution
		SolutionGuid = {BF0CA061-535D-4E81-9F29-DAF5EA981596}
	EndGlobalSection
EndGlobal
